
Microsoft Visual Studio Solution File, Format Version 12.00
# Visual Studio 15
VisualStudioVersion = 15.0.26730.16
MinimumVisualStudioVersion = 10.0.40219.1
Project("{FAE04EC0-301F-11D3-BF4B-00C04F79EFBC}") = "WebApp", "WebApp\WebApp.csproj", "{9F1B197A-E39C-4256-A2AC-58E8102159D0}"
EndProject
Project("{FAE04EC0-301F-11D3-BF4B-00C04F79EFBC}") = "WebApp.Tests", "WebApp.Tests\WebApp.Tests.csproj", "{C81010B1-69D0-47E2-A684-ED3E75D5B1EE}"
EndProject
Project("{FAE04EC0-301F-11D3-BF4B-00C04F79EFBC}") = "DataAccess", "DataAccess\DataAccess.csproj", "{405EF8D9-B705-4AC1-B023-CC93B427794E}"
EndProject
Project("{FAE04EC0-301F-11D3-BF4B-00C04F79EFBC}") = "WebClient", "WebClient\WebClient.csproj", "{D3DD3E30-125D-4C10-B5BB-21207774AEF0}"
EndProject
Global
	GlobalSection(SolutionConfigurationPlatforms) = preSolution
		Debug|Any CPU = Debug|Any CPU
		Debug|ARM = Debug|ARM
		Debug|x64 = Debug|x64
		Debug|x86 = Debug|x86
		Release|Any CPU = Release|Any CPU
		Release|ARM = Release|ARM
		Release|x64 = Release|x64
		Release|x86 = Release|x86
	EndGlobalSection
	GlobalSection(ProjectConfigurationPlatforms) = postSolution
		{9F1B197A-E39C-4256-A2AC-58E8102159D0}.Debug|Any CPU.ActiveCfg = Debug|Any CPU
		{9F1B197A-E39C-4256-A2AC-58E8102159D0}.Debug|Any CPU.Build.0 = Debug|Any CPU
		{9F1B197A-E39C-4256-A2AC-58E8102159D0}.Debug|ARM.ActiveCfg = Debug|Any CPU
		{9F1B197A-E39C-4256-A2AC-58E8102159D0}.Debug|ARM.Build.0 = Debug|Any CPU
		{9F1B197A-E39C-4256-A2AC-58E8102159D0}.Debug|x64.ActiveCfg = Debug|Any CPU
		{9F1B197A-E39C-4256-A2AC-58E8102159D0}.Debug|x64.Build.0 = Debug|Any CPU
		{9F1B197A-E39C-4256-A2AC-58E8102159D0}.Debug|x86.ActiveCfg = Debug|Any CPU
		{9F1B197A-E39C-4256-A2AC-58E8102159D0}.Debug|x86.Build.0 = Debug|Any CPU
		{9F1B197A-E39C-4256-A2AC-58E8102159D0}.Release|Any CPU.ActiveCfg = Release|Any CPU
		{9F1B197A-E39C-4256-A2AC-58E8102159D0}.Release|Any CPU.Build.0 = Release|Any CPU
		{9F1B197A-E39C-4256-A2AC-58E8102159D0}.Release|ARM.ActiveCfg = Release|Any CPU
		{9F1B197A-E39C-4256-A2AC-58E8102159D0}.Release|ARM.Build.0 = Release|Any CPU
		{9F1B197A-E39C-4256-A2AC-58E8102159D0}.Release|x64.ActiveCfg = Release|Any CPU
		{9F1B197A-E39C-4256-A2AC-58E8102159D0}.Release|x64.Build.0 = Release|Any CPU
		{9F1B197A-E39C-4256-A2AC-58E8102159D0}.Release|x86.ActiveCfg = Release|Any CPU
		{9F1B197A-E39C-4256-A2AC-58E8102159D0}.Release|x86.Build.0 = Release|Any CPU
		{C81010B1-69D0-47E2-A684-ED3E75D5B1EE}.Debug|Any CPU.ActiveCfg = Debug|Any CPU
		{C81010B1-69D0-47E2-A684-ED3E75D5B1EE}.Debug|Any CPU.Build.0 = Debug|Any CPU
		{C81010B1-69D0-47E2-A684-ED3E75D5B1EE}.Debug|ARM.ActiveCfg = Debug|Any CPU
		{C81010B1-69D0-47E2-A684-ED3E75D5B1EE}.Debug|ARM.Build.0 = Debug|Any CPU
		{C81010B1-69D0-47E2-A684-ED3E75D5B1EE}.Debug|x64.ActiveCfg = Debug|Any CPU
		{C81010B1-69D0-47E2-A684-ED3E75D5B1EE}.Debug|x64.Build.0 = Debug|Any CPU
		{C81010B1-69D0-47E2-A684-ED3E75D5B1EE}.Debug|x86.ActiveCfg = Debug|Any CPU
		{C81010B1-69D0-47E2-A684-ED3E75D5B1EE}.Debug|x86.Build.0 = Debug|Any CPU
		{C81010B1-69D0-47E2-A684-ED3E75D5B1EE}.Release|Any CPU.ActiveCfg = Release|Any CPU
		{C81010B1-69D0-47E2-A684-ED3E75D5B1EE}.Release|Any CPU.Build.0 = Release|Any CPU
		{C81010B1-69D0-47E2-A684-ED3E75D5B1EE}.Release|ARM.ActiveCfg = Release|Any CPU
		{C81010B1-69D0-47E2-A684-ED3E75D5B1EE}.Release|ARM.Build.0 = Release|Any CPU
		{C81010B1-69D0-47E2-A684-ED3E75D5B1EE}.Release|x64.ActiveCfg = Release|Any CPU
		{C81010B1-69D0-47E2-A684-ED3E75D5B1EE}.Release|x64.Build.0 = Release|Any CPU
		{C81010B1-69D0-47E2-A684-ED3E75D5B1EE}.Release|x86.ActiveCfg = Release|Any CPU
		{C81010B1-69D0-47E2-A684-ED3E75D5B1EE}.Release|x86.Build.0 = Release|Any CPU
		{405EF8D9-B705-4AC1-B023-CC93B427794E}.Debug|Any CPU.ActiveCfg = Debug|Any CPU
		{405EF8D9-B705-4AC1-B023-CC93B427794E}.Debug|Any CPU.Build.0 = Debug|Any CPU
		{405EF8D9-B705-4AC1-B023-CC93B427794E}.Debug|ARM.ActiveCfg = Debug|Any CPU
		{405EF8D9-B705-4AC1-B023-CC93B427794E}.Debug|ARM.Build.0 = Debug|Any CPU
		{405EF8D9-B705-4AC1-B023-CC93B427794E}.Debug|x64.ActiveCfg = Debug|Any CPU
		{405EF8D9-B705-4AC1-B023-CC93B427794E}.Debug|x64.Build.0 = Debug|Any CPU
		{405EF8D9-B705-4AC1-B023-CC93B427794E}.Debug|x86.ActiveCfg = Debug|Any CPU
		{405EF8D9-B705-4AC1-B023-CC93B427794E}.Debug|x86.Build.0 = Debug|Any CPU
		{405EF8D9-B705-4AC1-B023-CC93B427794E}.Release|Any CPU.ActiveCfg = Release|Any CPU
		{405EF8D9-B705-4AC1-B023-CC93B427794E}.Release|Any CPU.Build.0 = Release|Any CPU
		{405EF8D9-B705-4AC1-B023-CC93B427794E}.Release|ARM.ActiveCfg = Release|Any CPU
		{405EF8D9-B705-4AC1-B023-CC93B427794E}.Release|ARM.Build.0 = Release|Any CPU
		{405EF8D9-B705-4AC1-B023-CC93B427794E}.Release|x64.ActiveCfg = Release|Any CPU
		{405EF8D9-B705-4AC1-B023-CC93B427794E}.Release|x64.Build.0 = Release|Any CPU
		{405EF8D9-B705-4AC1-B023-CC93B427794E}.Release|x86.ActiveCfg = Release|Any CPU
		{405EF8D9-B705-4AC1-B023-CC93B427794E}.Release|x86.Build.0 = Release|Any CPU
		{D3DD3E30-125D-4C10-B5BB-21207774AEF0}.Debug|Any CPU.ActiveCfg = Debug|Any CPU
		{D3DD3E30-125D-4C10-B5BB-21207774AEF0}.Debug|Any CPU.Build.0 = Debug|Any CPU
		{D3DD3E30-125D-4C10-B5BB-21207774AEF0}.Debug|ARM.ActiveCfg = Debug|Any CPU
		{D3DD3E30-125D-4C10-B5BB-21207774AEF0}.Debug|ARM.Build.0 = Debug|Any CPU
		{D3DD3E30-125D-4C10-B5BB-21207774AEF0}.Debug|x64.ActiveCfg = Debug|Any CPU
		{D3DD3E30-125D-4C10-B5BB-21207774AEF0}.Debug|x64.Build.0 = Debug|Any CPU
		{D3DD3E30-125D-4C10-B5BB-21207774AEF0}.Debug|x86.ActiveCfg = Debug|Any CPU
		{D3DD3E30-125D-4C10-B5BB-21207774AEF0}.Debug|x86.Build.0 = Debug|Any CPU
		{D3DD3E30-125D-4C10-B5BB-21207774AEF0}.Release|Any CPU.ActiveCfg = Release|Any CPU
		{D3DD3E30-125D-4C10-B5BB-21207774AEF0}.Release|Any CPU.Build.0 = Release|Any CPU
		{D3DD3E30-125D-4C10-B5BB-21207774AEF0}.Release|ARM.ActiveCfg = Release|Any CPU
		{D3DD3E30-125D-4C10-B5BB-21207774AEF0}.Release|ARM.Build.0 = Release|Any CPU
		{D3DD3E30-125D-4C10-B5BB-21207774AEF0}.Release|x64.ActiveCfg = Release|Any CPU
		{D3DD3E30-125D-4C10-B5BB-21207774AEF0}.Release|x64.Build.0 = Release|Any CPU
		{D3DD3E30-125D-4C10-B5BB-21207774AEF0}.Release|x86.ActiveCfg = Release|Any CPU
		{D3DD3E30-125D-4C10-B5BB-21207774AEF0}.Release|x86.Build.0 = Release|Any CPU
	EndGlobalSection
	GlobalSection(SolutionProperties) = preSolution
		HideSolutionNode = FALSE
	EndGlobalSection
	GlobalSection(ExtensibilityGlobals) = postSolution
		SolutionGuid = {584077D6-1FDE-4D5E-BE08-C123C0D51051}
	EndGlobalSection
EndGlobal
